
Microsoft Visual Studio Solution File, Format Version 12.00
# Visual Studio Version 17
VisualStudioVersion = 17.5.002.0
MinimumVisualStudioVersion = 10.0.40219.1
Project("{9A19103F-16F7-4668-BE54-9A1E7A4F7556}") = "IdentityApi", "IdentityApi.csproj", "{BAACD816-D5E9-483F-BBB3-D420A474E3A9}"
EndProject
Global
	GlobalSection(SolutionConfigurationPlatforms) = preSolution
		Debug|Any CPU = Debug|Any CPU
		Release|Any CPU = Release|Any CPU
	EndGlobalSection
	GlobalSection(ProjectConfigurationPlatforms) = postSolution
		{BAACD816-D5E9-483F-BBB3-D420A474E3A9}.Debug|Any CPU.ActiveCfg = Debug|Any CPU
		{BAACD816-D5E9-483F-BBB3-D420A474E3A9}.Debug|Any CPU.Build.0 = Debug|Any CPU
		{BAACD816-D5E9-483F-BBB3-D420A474E3A9}.Release|Any CPU.ActiveCfg = Release|Any CPU
		{BAACD816-D5E9-483F-BBB3-D420A474E3A9}.Release|Any CPU.Build.0 = Release|Any CPU
	EndGlobalSection
	GlobalSection(SolutionProperties) = preSolution
		HideSolutionNode = FALSE
	EndGlobalSection
	GlobalSection(ExtensibilityGlobals) = postSolution
		SolutionGuid = {2CF74611-1CF5-418C-A98C-C3515A6A7437}
	EndGlobalSection
EndGlobal
